
Microsoft Visual Studio Solution File, Format Version 12.00
# Visual Studio Version 17
VisualStudioVersion = 17.8.34316.72
MinimumVisualStudioVersion = 10.0.40219.1
Project("{8BC9CEB8-8B4A-11D0-8D11-00A0C91BC942}") = "DebugHook", "DebugHook\DebugHook.vcxproj", "{813B82C3-22C6-41A9-9F31-2D10FAD59B65}"
EndProject
Project("{8BC9CEB8-8B4A-11D0-8D11-00A0C91BC942}") = "DllHook", "DllHook\DllHook.vcxproj", "{D07F13D7-265B-47B8-830D-302ADF8EFDE1}"
EndProject
Global
	GlobalSection(SolutionConfigurationPlatforms) = preSolution
		Debug|x64 = Debug|x64
		Debug|x86 = Debug|x86
		Release|x64 = Release|x64
		Release|x86 = Release|x86
	EndGlobalSection
	GlobalSection(ProjectConfigurationPlatforms) = postSolution
		{813B82C3-22C6-41A9-9F31-2D10FAD59B65}.Debug|x64.ActiveCfg = Debug|x64
		{813B82C3-22C6-41A9-9F31-2D10FAD59B65}.Debug|x64.Build.0 = Debug|x64
		{813B82C3-22C6-41A9-9F31-2D10FAD59B65}.Debug|x86.ActiveCfg = Debug|Win32
		{813B82C3-22C6-41A9-9F31-2D10FAD59B65}.Debug|x86.Build.0 = Debug|Win32
		{813B82C3-22C6-41A9-9F31-2D10FAD59B65}.Release|x64.ActiveCfg = Release|x64
		{813B82C3-22C6-41A9-9F31-2D10FAD59B65}.Release|x64.Build.0 = Release|x64
		{813B82C3-22C6-41A9-9F31-2D10FAD59B65}.Release|x86.ActiveCfg = Release|Win32
		{813B82C3-22C6-41A9-9F31-2D10FAD59B65}.Release|x86.Build.0 = Release|Win32
		{D07F13D7-265B-47B8-830D-302ADF8EFDE1}.Debug|x64.ActiveCfg = Debug|x64
		{D07F13D7-265B-47B8-830D-302ADF8EFDE1}.Debug|x64.Build.0 = Debug|x64
		{D07F13D7-265B-47B8-830D-302ADF8EFDE1}.Debug|x86.ActiveCfg = Debug|Win32
		{D07F13D7-265B-47B8-830D-302ADF8EFDE1}.Debug|x86.Build.0 = Debug|Win32
		{D07F13D7-265B-47B8-830D-302ADF8EFDE1}.Release|x64.ActiveCfg = Release|x64
		{D07F13D7-265B-47B8-830D-302ADF8EFDE1}.Release|x64.Build.0 = Release|x64
		{D07F13D7-265B-47B8-830D-302ADF8EFDE1}.Release|x86.ActiveCfg = Release|Win32
		{D07F13D7-265B-47B8-830D-302ADF8EFDE1}.Release|x86.Build.0 = Release|Win32
	EndGlobalSection
	GlobalSection(SolutionProperties) = preSolution
		HideSolutionNode = FALSE
	EndGlobalSection
	GlobalSection(ExtensibilityGlobals) = postSolution
		SolutionGuid = {7AB09E6D-4B44-47C5-B808-16D141BEAE11}
	EndGlobalSection
EndGlobal
